
Microsoft Visual Studio Solution File, Format Version 12.00
# Visual Studio 14
VisualStudioVersion = 14.0.25420.1
MinimumVisualStudioVersion = 10.0.40219.1
Project("{FAE04EC0-301F-11D3-BF4B-00C04F79EFBC}") = "Poker", "Poker\Poker.csproj", "{DB825AD6-F841-4D8E-9D3C-EA444758B623}"
EndProject
Project("{FAE04EC0-301F-11D3-BF4B-00C04F79EFBC}") = "Poker.Tests", "Poker.Tests\Poker.Tests.csproj", "{464D4A5A-C075-4BF9-B46C-185B27EE1CCD}"
EndProject
Global
	GlobalSection(SolutionConfigurationPlatforms) = preSolution
		Debug|Any CPU = Debug|Any CPU
		Release|Any CPU = Release|Any CPU
	EndGlobalSection
	GlobalSection(ProjectConfigurationPlatforms) = postSolution
		{DB825AD6-F841-4D8E-9D3C-EA444758B623}.Debug|Any CPU.ActiveCfg = Debug|Any CPU
		{DB825AD6-F841-4D8E-9D3C-EA444758B623}.Debug|Any CPU.Build.0 = Debug|Any CPU
		{DB825AD6-F841-4D8E-9D3C-EA444758B623}.Release|Any CPU.ActiveCfg = Release|Any CPU
		{DB825AD6-F841-4D8E-9D3C-EA444758B623}.Release|Any CPU.Build.0 = Release|Any CPU
		{464D4A5A-C075-4BF9-B46C-185B27EE1CCD}.Debug|Any CPU.ActiveCfg = Debug|Any CPU
		{464D4A5A-C075-4BF9-B46C-185B27EE1CCD}.Debug|Any CPU.Build.0 = Debug|Any CPU
		{464D4A5A-C075-4BF9-B46C-185B27EE1CCD}.Release|Any CPU.ActiveCfg = Release|Any CPU
		{464D4A5A-C075-4BF9-B46C-185B27EE1CCD}.Release|Any CPU.Build.0 = Release|Any CPU
	EndGlobalSection
	GlobalSection(SolutionProperties) = preSolution
		HideSolutionNode = FALSE
	EndGlobalSection
EndGlobal
