
Microsoft Visual Studio Solution File, Format Version 12.00
# Visual Studio 14
VisualStudioVersion = 14.0.25420.1
MinimumVisualStudioVersion = 10.0.40219.1
Project("{FAE04EC0-301F-11D3-BF4B-00C04F79EFBC}") = "Abstraction", "Abstraction\Abstraction.csproj", "{3572F611-7912-42DD-ABF8-FA3D4C3DAA17}"
EndProject
Project("{FAE04EC0-301F-11D3-BF4B-00C04F79EFBC}") = "Cohesion-and-Coupling", "Cohesion-and-Coupling\Cohesion-and-Coupling.csproj", "{42A155E7-8DFC-48B2-A3B1-95D6B7243EDD}"
EndProject
Project("{FAE04EC0-301F-11D3-BF4B-00C04F79EFBC}") = "Inheritance-and-Polymorphism", "Inheritance-and-Polymorphism\Inheritance-and-Polymorphism.csproj", "{0AD7AD56-380E-4182-A94E-77299E032BB5}"
EndProject
Project("{2150E333-8FDC-42A3-9474-1A3956D46DE8}") = "Solution Items", "Solution Items", "{8B7D8A1B-748D-4664-9F90-853340D08FEF}"
	ProjectSection(SolutionItems) = preProject
		README.md = README.md
	EndProjectSection
EndProject
Project("{FAE04EC0-301F-11D3-BF4B-00C04F79EFBC}") = "Validation", "Validation\Validation.csproj", "{C66799F6-5EE8-4573-917B-29F069B91341}"
EndProject
Global
	GlobalSection(SolutionConfigurationPlatforms) = preSolution
		Debug|Any CPU = Debug|Any CPU
		Release|Any CPU = Release|Any CPU
	EndGlobalSection
	GlobalSection(ProjectConfigurationPlatforms) = postSolution
		{3572F611-7912-42DD-ABF8-FA3D4C3DAA17}.Debug|Any CPU.ActiveCfg = Debug|Any CPU
		{3572F611-7912-42DD-ABF8-FA3D4C3DAA17}.Debug|Any CPU.Build.0 = Debug|Any CPU
		{3572F611-7912-42DD-ABF8-FA3D4C3DAA17}.Release|Any CPU.ActiveCfg = Release|Any CPU
		{3572F611-7912-42DD-ABF8-FA3D4C3DAA17}.Release|Any CPU.Build.0 = Release|Any CPU
		{42A155E7-8DFC-48B2-A3B1-95D6B7243EDD}.Debug|Any CPU.ActiveCfg = Debug|Any CPU
		{42A155E7-8DFC-48B2-A3B1-95D6B7243EDD}.Debug|Any CPU.Build.0 = Debug|Any CPU
		{42A155E7-8DFC-48B2-A3B1-95D6B7243EDD}.Release|Any CPU.ActiveCfg = Release|Any CPU
		{42A155E7-8DFC-48B2-A3B1-95D6B7243EDD}.Release|Any CPU.Build.0 = Release|Any CPU
		{0AD7AD56-380E-4182-A94E-77299E032BB5}.Debug|Any CPU.ActiveCfg = Debug|Any CPU
		{0AD7AD56-380E-4182-A94E-77299E032BB5}.Debug|Any CPU.Build.0 = Debug|Any CPU
		{0AD7AD56-380E-4182-A94E-77299E032BB5}.Release|Any CPU.ActiveCfg = Release|Any CPU
		{0AD7AD56-380E-4182-A94E-77299E032BB5}.Release|Any CPU.Build.0 = Release|Any CPU
		{C66799F6-5EE8-4573-917B-29F069B91341}.Debug|Any CPU.ActiveCfg = Debug|Any CPU
		{C66799F6-5EE8-4573-917B-29F069B91341}.Debug|Any CPU.Build.0 = Debug|Any CPU
		{C66799F6-5EE8-4573-917B-29F069B91341}.Release|Any CPU.ActiveCfg = Release|Any CPU
		{C66799F6-5EE8-4573-917B-29F069B91341}.Release|Any CPU.Build.0 = Release|Any CPU
	EndGlobalSection
	GlobalSection(SolutionProperties) = preSolution
		HideSolutionNode = FALSE
	EndGlobalSection
EndGlobal
