
Microsoft Visual Studio Solution File, Format Version 12.00
# Visual Studio 14
VisualStudioVersion = 14.0.25420.1
MinimumVisualStudioVersion = 10.0.40219.1
Project("{2150E333-8FDC-42A3-9474-1A3956D46DE8}") = "Solution Items", "Solution Items", "{D12696BA-5B4D-4FB3-BC93-8C1640D39487}"
	ProjectSection(SolutionItems) = preProject
		README.md = README.md
		Short description.md = Short description.md
	EndProjectSection
EndProject
Project("{FAE04EC0-301F-11D3-BF4B-00C04F79EFBC}") = "Abstract Factory", "Abstract Factory\Abstract Factory.csproj", "{5FC0FA51-2070-401F-A6F0-BBDAE7EC2E1A}"
EndProject
Project("{FAE04EC0-301F-11D3-BF4B-00C04F79EFBC}") = "Factory Method", "Factory Method\Factory Method.csproj", "{ED7A3EE3-1BA2-43D6-ABDD-62541EFB8929}"
EndProject
Project("{FAE04EC0-301F-11D3-BF4B-00C04F79EFBC}") = "Singleton", "Singleton\Singleton.csproj", "{55899BC1-8A1C-4AD2-A113-35142724EFCF}"
EndProject
Global
	GlobalSection(SolutionConfigurationPlatforms) = preSolution
		Debug|Any CPU = Debug|Any CPU
		Release|Any CPU = Release|Any CPU
	EndGlobalSection
	GlobalSection(ProjectConfigurationPlatforms) = postSolution
		{5FC0FA51-2070-401F-A6F0-BBDAE7EC2E1A}.Debug|Any CPU.ActiveCfg = Debug|Any CPU
		{5FC0FA51-2070-401F-A6F0-BBDAE7EC2E1A}.Debug|Any CPU.Build.0 = Debug|Any CPU
		{5FC0FA51-2070-401F-A6F0-BBDAE7EC2E1A}.Release|Any CPU.ActiveCfg = Release|Any CPU
		{5FC0FA51-2070-401F-A6F0-BBDAE7EC2E1A}.Release|Any CPU.Build.0 = Release|Any CPU
		{ED7A3EE3-1BA2-43D6-ABDD-62541EFB8929}.Debug|Any CPU.ActiveCfg = Debug|Any CPU
		{ED7A3EE3-1BA2-43D6-ABDD-62541EFB8929}.Debug|Any CPU.Build.0 = Debug|Any CPU
		{ED7A3EE3-1BA2-43D6-ABDD-62541EFB8929}.Release|Any CPU.ActiveCfg = Release|Any CPU
		{ED7A3EE3-1BA2-43D6-ABDD-62541EFB8929}.Release|Any CPU.Build.0 = Release|Any CPU
		{55899BC1-8A1C-4AD2-A113-35142724EFCF}.Debug|Any CPU.ActiveCfg = Debug|Any CPU
		{55899BC1-8A1C-4AD2-A113-35142724EFCF}.Debug|Any CPU.Build.0 = Debug|Any CPU
		{55899BC1-8A1C-4AD2-A113-35142724EFCF}.Release|Any CPU.ActiveCfg = Release|Any CPU
		{55899BC1-8A1C-4AD2-A113-35142724EFCF}.Release|Any CPU.Build.0 = Release|Any CPU
	EndGlobalSection
	GlobalSection(SolutionProperties) = preSolution
		HideSolutionNode = FALSE
	EndGlobalSection
EndGlobal
